# This file is automatically @generated by Poetry 1.8.5 and should not be changed by hand.

[[package]]
name = "pbr"
version = "6.1.0"
description = "Python Build Reasonableness"
optional = false
python-versions = ">=2.6"
files = [
    {file = "pbr-6.1.0-py2.py3-none-any.whl", hash = "sha256:a776ae228892d8013649c0aeccbb3d5f99ee15e005a4cbb7e61d55a067b28a2a"},
    {file = "pbr-6.1.0.tar.gz", hash = "sha256:788183e382e3d1d7707db08978239965e8b9e4e5ed42669bf4758186734d5f24"},
]

[metadata]
lock-version = "2.0"
python-versions = ">=3.10,<3.13"
content-hash = "d4e5576133f324f58f30230b394d3563175f3c5dc864621e29d81b4fbc0a5348"
